// !$*UTF8*$!
{
	archiveVersion = 1;
	classes = {
	};
	objectVersion = 52;
	objects = {

/* Begin PBXBuildFile section */
		AA61025425C31643007117BD /* AppDelegate.swift in Sources */ = {isa = PBXBuildFile; fileRef = AA61025325C31643007117BD /* AppDelegate.swift */; };
		AA61025625C31643007117BD /* SceneDelegate.swift in Sources */ = {isa = PBXBuildFile; fileRef = AA61025525C31643007117BD /* SceneDelegate.swift */; };
		AA61025825C31643007117BD /* ContentView.swift in Sources */ = {isa = PBXBuildFile; fileRef = AA61025725C31643007117BD /* ContentView.swift */; };
		AA61025A25C31646007117BD /* Assets.xcassets in Resources */ = {isa = PBXBuildFile; fileRef = AA61025925C31646007117BD /* Assets.xcassets */; };
		AA61025D25C31646007117BD /* Preview Assets.xcassets in Resources */ = {isa = PBXBuildFile; fileRef = AA61025C25C31646007117BD /* Preview Assets.xcassets */; };
		AA61026025C31646007117BD /* LaunchScreen.storyboard in Resources */ = {isa = PBXBuildFile; fileRef = AA61025E25C31646007117BD /* LaunchScreen.storyboard */; };
		AA61026A25C3176E007117BD /* Alamofire in Frameworks */ = {isa = PBXBuildFile; productRef = AA61026925C3176E007117BD /* Alamofire */; };
		AA61026E25C31780007117BD /* SwiftyJSON in Frameworks */ = {isa = PBXBuildFile; productRef = AA61026D25C31780007117BD /* SwiftyJSON */; };
/* End PBXBuildFile section */

/* Begin PBXFileReference section */
		AA61025025C31643007117BD /* Sriteja001.app */ = {isa = PBXFileReference; explicitFileType = wrapper.application; includeInIndex = 0; path = Sriteja001.app; sourceTree = BUILT_PRODUCTS_DIR; };
		AA61025325C31643007117BD /* AppDelegate.swift */ = {isa = PBXFileReference; lastKnownFileType = sourcecode.swift; path = AppDelegate.swift; sourceTree = "<group>"; };
		AA61025525C31643007117BD /* SceneDelegate.swift */ = {isa = PBXFileReference; lastKnownFileType = sourcecode.swift; path = SceneDelegate.swift; sourceTree = "<group>"; };
		AA61025725C31643007117BD /* ContentView.swift */ = {isa = PBXFileReference; lastKnownFileType = sourcecode.swift; path = ContentView.swift; sourceTree = "<group>"; };
		AA61025925C31646007117BD /* Assets.xcassets */ = {isa = PBXFileReference; lastKnownFileType = folder.assetcatalog; path = Assets.xcassets; sourceTree = "<group>"; };
		AA61025C25C31646007117BD /* Preview Assets.xcassets */ = {isa = PBXFileReference; lastKnownFileType = folder.assetcatalog; path = "Preview Assets.xcassets"; sourceTree = "<group>"; };
		AA61025F25C31646007117BD /* Base */ = {isa = PBXFileReference; lastKnownFileType = file.storyboard; name = Base; path = Base.lproj/LaunchScreen.storyboard; sourceTree = "<group>"; };
		AA61026125C31646007117BD /* Info.plist */ = {isa = PBXFileReference; lastKnownFileType = text.plist.xml; path = Info.plist; sourceTree = "<group>"; };
/* End PBXFileReference section */

/* Begin PBXFrameworksBuildPhase section */
		AA61024D25C31643007117BD /* Frameworks */ = {
			isa = PBXFrameworksBuildPhase;
			buildActionMask = 2147483647;
			files = (
				AA61026E25C31780007117BD /* SwiftyJSON in Frameworks */,
				AA61026A25C3176E007117BD /* Alamofire in Frameworks */,
			);
			runOnlyForDeploymentPostprocessing = 0;
		};
/* End PBXFrameworksBuildPhase section */

/* Begin PBXGroup section */
		AA61024725C31643007117BD = {
			isa = PBXGroup;
			children = (
				AA61025225C31643007117BD /* Sriteja001 */,
				AA61025125C31643007117BD /* Products */,
			);
			sourceTree = "<group>";
		};
		AA61025125C31643007117BD /* Products */ = {
			isa = PBXGroup;
			children = (
				AA61025025C31643007117BD /* Sriteja001.app */,
			);
			name = Products;
			sourceTree = "<group>";
		};
		AA61025225C31643007117BD /* Sriteja001 */ = {
			isa = PBXGroup;
			children = (
				AA61025325C31643007117BD /* AppDelegate.swift */,
				AA61025525C31643007117BD /* SceneDelegate.swift */,
				AA61025725C31643007117BD /* ContentView.swift */,
				AA61025925C31646007117BD /* Assets.xcassets */,
				AA61025E25C31646007117BD /* LaunchScreen.storyboard */,
				AA61026125C31646007117BD /* Info.plist */,
				AA61025B25C31646007117BD /* Preview Content */,
			);
			path = Sriteja001;
			sourceTree = "<group>";
		};
		AA61025B25C31646007117BD /* Preview Content */ = {
			isa = PBXGroup;
			children = (
				AA61025C25C31646007117BD /* Preview Assets.xcassets */,
			);
			path = "Preview Content";
			sourceTree = "<group>";
		};
/* End PBXGroup section */

/* Begin PBXNativeTarget section */
		AA61024F25C31643007117BD /* Sriteja001 */ = {
			isa = PBXNativeTarget;
			buildConfigurationList = AA61026425C31646007117BD /* Build configuration list for PBXNativeTarget "Sriteja001" */;
			buildPhases = (
				AA61024C25C31643007117BD /* Sources */,
				AA61024D25C31643007117BD /* Frameworks */,
				AA61024E25C31643007117BD /* Resources */,
			);
			buildRules = (
			);
			dependencies = (
			);
			name = Sriteja001;
			packageProductDependencies = (
				AA61026925C3176E007117BD /* Alamofire */,
				AA61026D25C31780007117BD /* SwiftyJSON */,
			);
			productName = Sriteja001;
			productReference = AA61025025C31643007117BD /* Sriteja001.app */;
			productType = "com.apple.product-type.application";
		};
/* End PBXNativeTarget section */

/* Begin PBXProject section */
		AA61024825C31643007117BD /* Project object */ = {
			isa = PBXProject;
			attributes = {
				LastSwiftUpdateCheck = 1240;
				LastUpgradeCheck = 1240;
				TargetAttributes = {
					AA61024F25C31643007117BD = {
						CreatedOnToolsVersion = 12.4;
					};
				};
			};
			buildConfigurationList = AA61024B25C31643007117BD /* Build configuration list for PBXProject "Sriteja001" */;
			compatibilityVersion = "Xcode 9.3";
			developmentRegion = en;
			hasScannedForEncodings = 0;
			knownRegions = (
				en,
				Base,
			);
			mainGroup = AA61024725C31643007117BD;
			packageReferences = (
				AA61026825C3176E007117BD /* XCRemoteSwiftPackageReference "Alamofire" */,
				AA61026C25C31780007117BD /* XCRemoteSwiftPackageReference "SwiftyJSON" */,
			);
			productRefGroup = AA61025125C31643007117BD /* Products */;
			projectDirPath = "";
			projectRoot = "";
			targets = (
				AA61024F25C31643007117BD /* Sriteja001 */,
			);
		};
/* End PBXProject section */

/* Begin PBXResourcesBuildPhase section */
		AA61024E25C31643007117BD /* Resources */ = {
			isa = PBXResourcesBuildPhase;
			buildActionMask = 2147483647;
			files = (
				AA61026025C31646007117BD /* LaunchScreen.storyboard in Resources */,
				AA61025D25C31646007117BD /* Preview Assets.xcassets in Resources */,
				AA61025A25C31646007117BD /* Assets.xcassets in Resources */,
			);
			runOnlyForDeploymentPostprocessing = 0;
		};
/* End PBXResourcesBuildPhase section */

/* Begin PBXSourcesBuildPhase section */
		AA61024C25C31643007117BD /* Sources */ = {
			isa = PBXSourcesBuildPhase;
			buildActionMask = 2147483647;
			files = (
				AA61025425C31643007117BD /* AppDelegate.swift in Sources */,
				AA61025625C31643007117BD /* SceneDelegate.swift in Sources */,
				AA61025825C31643007117BD /* ContentView.swift in Sources */,
			);
			runOnlyForDeploymentPostprocessing = 0;
		};
/* End PBXSourcesBuildPhase section */

/* Begin PBXVariantGroup section */
		AA61025E25C31646007117BD /* LaunchScreen.storyboard */ = {
			isa = PBXVariantGroup;
			children = (
				AA61025F25C31646007117BD /* Base */,
			);
			name = LaunchScreen.storyboard;
			sourceTree = "<group>";
		};
/* End PBXVariantGroup section */

/* Begin XCBuildConfiguration section */
		AA61026225C31646007117BD /* Debug */ = {
			isa = XCBuildConfiguration;
			buildSettings = {
				ALWAYS_SEARCH_USER_PATHS = NO;
				CLANG_ANALYZER_NONNULL = YES;
				CLANG_ANALYZER_NUMBER_OBJECT_CONVERSION = YES_AGGRESSIVE;
				CLANG_CXX_LANGUAGE_STANDARD = "gnu++14";
				CLANG_CXX_LIBRARY = "libc++";
				CLANG_ENABLE_MODULES = YES;
				CLANG_ENABLE_OBJC_ARC = YES;
				CLANG_ENABLE_OBJC_WEAK = YES;
				CLANG_WARN_BLOCK_CAPTURE_AUTORELEASING = YES;
				CLANG_WARN_BOOL_CONVERSION = YES;
				CLANG_WARN_COMMA = YES;
				CLANG_WARN_CONSTANT_CONVERSION = YES;
				CLANG_WARN_DEPRECATED_OBJC_IMPLEMENTATIONS = YES;
				CLANG_WARN_DIRECT_OBJC_ISA_USAGE = YES_ERROR;
				CLANG_WARN_DOCUMENTATION_COMMENTS = YES;
				CLANG_WARN_EMPTY_BODY = YES;
				CLANG_WARN_ENUM_CONVERSION = YES;
				CLANG_WARN_INFINITE_RECURSION = YES;
				CLANG_WARN_INT_CONVERSION = YES;
				CLANG_WARN_NON_LITERAL_NULL_CONVERSION = YES;
				CLANG_WARN_OBJC_IMPLICIT_RETAIN_SELF = YES;
				CLANG_WARN_OBJC_LITERAL_CONVERSION = YES;
				CLANG_WARN_OBJC_ROOT_CLASS = YES_ERROR;
				CLANG_WARN_QUOTED_INCLUDE_IN_FRAMEWORK_HEADER = YES;
				CLANG_WARN_RANGE_LOOP_ANALYSIS = YES;
				CLANG_WARN_STRICT_PROTOTYPES = YES;
				CLANG_WARN_SUSPICIOUS_MOVE = YES;
				CLANG_WARN_UNGUARDED_AVAILABILITY = YES_AGGRESSIVE;
				CLANG_WARN_UNREACHABLE_CODE = YES;
				CLANG_WARN__DUPLICATE_METHOD_MATCH = YES;
				COPY_PHASE_STRIP = NO;
				DEBUG_INFORMATION_FORMAT = dwarf;
				ENABLE_STRICT_OBJC_MSGSEND = YES;
				ENABLE_TESTABILITY = YES;
				GCC_C_LANGUAGE_STANDARD = gnu11;
				GCC_DYNAMIC_NO_PIC = NO;
				GCC_NO_COMMON_BLOCKS = YES;
				GCC_OPTIMIZATION_LEVEL = 0;
				GCC_PREPROCESSOR_DEFINITIONS = (
					"DEBUG=1",
					"$(inherited)",
				);
				GCC_WARN_64_TO_32_BIT_CONVERSION = YES;
				GCC_WARN_ABOUT_RETURN_TYPE = YES_ERROR;
				GCC_WARN_UNDECLARED_SELECTOR = YES;
				GCC_WARN_UNINITIALIZED_AUTOS = YES_AGGRESSIVE;
				GCC_WARN_UNUSED_FUNCTION = YES;
				GCC_WARN_UNUSED_VARIABLE = YES;
				IPHONEOS_DEPLOYMENT_TARGET = 14.1;
				MTL_ENABLE_DEBUG_INFO = INCLUDE_SOURCE;
				MTL_FAST_MATH = YES;
				ONLY_ACTIVE_ARCH = YES;
				SDKROOT = iphoneos;
				SWIFT_ACTIVE_COMPILATION_CONDITIONS = DEBUG;
				SWIFT_OPTIMIZATION_LEVEL = "-Onone";
			};
			name = Debug;
		};
		AA61026325C31646007117BD /* Release */ = {
			isa = XCBuildConfiguration;
			buildSettings = {
				ALWAYS_SEARCH_USER_PATHS = NO;
				CLANG_ANALYZER_NONNULL = YES;
				CLANG_ANALYZER_NUMBER_OBJECT_CONVERSION = YES_AGGRESSIVE;
				CLANG_CXX_LANGUAGE_STANDARD = "gnu++14";
				CLANG_CXX_LIBRARY = "libc++";
				CLANG_ENABLE_MODULES = YES;
				CLANG_ENABLE_OBJC_ARC = YES;
				CLANG_ENABLE_OBJC_WEAK = YES;
				CLANG_WARN_BLOCK_CAPTURE_AUTORELEASING = YES;
				CLANG_WARN_BOOL_CONVERSION = YES;
				CLANG_WARN_COMMA = YES;
				CLANG_WARN_CONSTANT_CONVERSION = YES;
				CLANG_WARN_DEPRECATED_OBJC_IMPLEMENTATIONS = YES;
				CLANG_WARN_DIRECT_OBJC_ISA_USAGE = YES_ERROR;
				CLANG_WARN_DOCUMENTATION_COMMENTS = YES;
				CLANG_WARN_EMPTY_BODY = YES;
				CLANG_WARN_ENUM_CONVERSION = YES;
				CLANG_WARN_INFINITE_RECURSION = YES;
				CLANG_WARN_INT_CONVERSION = YES;
				CLANG_WARN_NON_LITERAL_NULL_CONVERSION = YES;
				CLANG_WARN_OBJC_IMPLICIT_RETAIN_SELF = YES;
				CLANG_WARN_OBJC_LITERAL_CONVERSION = YES;
				CLANG_WARN_OBJC_ROOT_CLASS = YES_ERROR;
				CLANG_WARN_QUOTED_INCLUDE_IN_FRAMEWORK_HEADER = YES;
				CLANG_WARN_RANGE_LOOP_ANALYSIS = YES;
				CLANG_WARN_STRICT_PROTOTYPES = YES;
				CLANG_WARN_SUSPICIOUS_MOVE = YES;
				CLANG_WARN_UNGUARDED_AVAILABILITY = YES_AGGRESSIVE;
				CLANG_WARN_UNREACHABLE_CODE = YES;
				CLANG_WARN__DUPLICATE_METHOD_MATCH = YES;
				COPY_PHASE_STRIP = NO;
				DEBUG_INFORMATION_FORMAT = "dwarf-with-dsym";
				ENABLE_NS_ASSERTIONS = NO;
				ENABLE_STRICT_OBJC_MSGSEND = YES;
				GCC_C_LANGUAGE_STANDARD = gnu11;
				GCC_NO_COMMON_BLOCKS = YES;
				GCC_WARN_64_TO_32_BIT_CONVERSION = YES;
				GCC_WARN_ABOUT_RETURN_TYPE = YES_ERROR;
				GCC_WARN_UNDECLARED_SELECTOR = YES;
				GCC_WARN_UNINITIALIZED_AUTOS = YES_AGGRESSIVE;
				GCC_WARN_UNUSED_FUNCTION = YES;
				GCC_WARN_UNUSED_VARIABLE = YES;
				IPHONEOS_DEPLOYMENT_TARGET = 14.1;
				MTL_ENABLE_DEBUG_INFO = NO;
				MTL_FAST_MATH = YES;
				SDKROOT = iphoneos;
				SWIFT_COMPILATION_MODE = wholemodule;
				SWIFT_OPTIMIZATION_LEVEL = "-O";
				VALIDATE_PRODUCT = YES;
			};
			name = Release;
		};
		AA61026525C31646007117BD /* Debug */ = {
			isa = XCBuildConfiguration;
			buildSettings = {
				ASSETCATALOG_COMPILER_APPICON_NAME = AppIcon;
				ASSETCATALOG_COMPILER_GLOBAL_ACCENT_COLOR_NAME = AccentColor;
				CODE_SIGN_STYLE = Automatic;
				DEVELOPMENT_ASSET_PATHS = "\"Sriteja001/Preview Content\"";
				DEVELOPMENT_TEAM = U4WHYADYH2;
				ENABLE_PREVIEWS = YES;
				INFOPLIST_FILE = Sriteja001/Info.plist;
				LD_RUNPATH_SEARCH_PATHS = (
					"$(inherited)",
					"@executable_path/Frameworks",
				);
				PRODUCT_BUNDLE_IDENTIFIER = world.aiclub.Sriteja001;
				PRODUCT_NAME = "$(TARGET_NAME)";
				SWIFT_VERSION = 5.0;
				TARGETED_DEVICE_FAMILY = "1,2";
			};
			name = Debug;
		};
		AA61026625C31646007117BD /* Release */ = {
			isa = XCBuildConfiguration;
			buildSettings = {
				ASSETCATALOG_COMPILER_APPICON_NAME = AppIcon;
				ASSETCATALOG_COMPILER_GLOBAL_ACCENT_COLOR_NAME = AccentColor;
				CODE_SIGN_STYLE = Automatic;
				DEVELOPMENT_ASSET_PATHS = "\"Sriteja001/Preview Content\"";
				DEVELOPMENT_TEAM = U4WHYADYH2;
				ENABLE_PREVIEWS = YES;
				INFOPLIST_FILE = Sriteja001/Info.plist;
				LD_RUNPATH_SEARCH_PATHS = (
					"$(inherited)",
					"@executable_path/Frameworks",
				);
				PRODUCT_BUNDLE_IDENTIFIER = world.aiclub.Sriteja001;
				PRODUCT_NAME = "$(TARGET_NAME)";
				SWIFT_VERSION = 5.0;
				TARGETED_DEVICE_FAMILY = "1,2";
			};
			name = Release;
		};
/* End XCBuildConfiguration section */

/* Begin XCConfigurationList section */
		AA61024B25C31643007117BD /* Build configuration list for PBXProject "Sriteja001" */ = {
			isa = XCConfigurationList;
			buildConfigurations = (
				AA61026225C31646007117BD /* Debug */,
				AA61026325C31646007117BD /* Release */,
			);
			defaultConfigurationIsVisible = 0;
			defaultConfigurationName = Release;
		};
		AA61026425C31646007117BD /* Build configuration list for PBXNativeTarget "Sriteja001" */ = {
			isa = XCConfigurationList;
			buildConfigurations = (
				AA61026525C31646007117BD /* Debug */,
				AA61026625C31646007117BD /* Release */,
			);
			defaultConfigurationIsVisible = 0;
			defaultConfigurationName = Release;
		};
/* End XCConfigurationList section */

/* Begin XCRemoteSwiftPackageReference section */
		AA61026825C3176E007117BD /* XCRemoteSwiftPackageReference "Alamofire" */ = {
			isa = XCRemoteSwiftPackageReference;
			repositoryURL = "https://github.com/Alamofire/Alamofire";
			requirement = {
				kind = upToNextMajorVersion;
				minimumVersion = 5.4.1;
			};
		};
		AA61026C25C31780007117BD /* XCRemoteSwiftPackageReference "SwiftyJSON" */ = {
			isa = XCRemoteSwiftPackageReference;
			repositoryURL = "https://github.com/SwiftyJSON/SwiftyJSON";
			requirement = {
				kind = upToNextMajorVersion;
				minimumVersion = 5.0.0;
			};
		};
/* End XCRemoteSwiftPackageReference section */

/* Begin XCSwiftPackageProductDependency section */
		AA61026925C3176E007117BD /* Alamofire */ = {
			isa = XCSwiftPackageProductDependency;
			package = AA61026825C3176E007117BD /* XCRemoteSwiftPackageReference "Alamofire" */;
			productName = Alamofire;
		};
		AA61026D25C31780007117BD /* SwiftyJSON */ = {
			isa = XCSwiftPackageProductDependency;
			package = AA61026C25C31780007117BD /* XCRemoteSwiftPackageReference "SwiftyJSON" */;
			productName = SwiftyJSON;
		};
/* End XCSwiftPackageProductDependency section */
	};
	rootObject = AA61024825C31643007117BD /* Project object */;
}
